
Microsoft Visual Studio Solution File, Format Version 12.00
# Visual Studio 14
VisualStudioVersion = 14.0.23107.0
MinimumVisualStudioVersion = 10.0.40219.1
Project("{FAE04EC0-301F-11D3-BF4B-00C04F79EFBC}") = "Signere.no.UrlShortner.Service", "Signere.no.UrlShortner.Service\Signere.no.UrlShortner.Service.csproj", "{2873B978-40FE-47BC-A168-D4170FDC5479}"
EndProject
Project("{FAE04EC0-301F-11D3-BF4B-00C04F79EFBC}") = "Signere.no.UrlShortner.Test", "Signere.no.UrlShortner.Test\Signere.no.UrlShortner.Test.csproj", "{C2F3AB6D-2684-4F0B-8BB2-7289BAB834DC}"
EndProject
Project("{FAE04EC0-301F-11D3-BF4B-00C04F79EFBC}") = "Signere.no.UrlShortner.Core", "Signere.no.UrlShortner.Core\Signere.no.UrlShortner.Core.csproj", "{184D068D-F927-49AA-AC3F-16841E3C8CA0}"
EndProject
Project("{FAE04EC0-301F-11D3-BF4B-00C04F79EFBC}") = "Signere.no.UrlShortner.OwinHost", "Signere.no.UrlShortner.OwinHost\Signere.no.UrlShortner.OwinHost.csproj", "{A160DDFE-4461-44EA-A9CF-CC2ECD1F09DB}"
EndProject
Project("{FAE04EC0-301F-11D3-BF4B-00C04F79EFBC}") = "Signere.no.UrlShortner.Client", "Signere.no.UrlShortner.Client\Signere.no.UrlShortner.Client.csproj", "{1ABCCE5B-03B5-478A-AE17-F39E4CD63412}"
EndProject
Global
	GlobalSection(SolutionConfigurationPlatforms) = preSolution
		Debug|Any CPU = Debug|Any CPU
		Release|Any CPU = Release|Any CPU
	EndGlobalSection
	GlobalSection(ProjectConfigurationPlatforms) = postSolution
		{2873B978-40FE-47BC-A168-D4170FDC5479}.Debug|Any CPU.ActiveCfg = Debug|Any CPU
		{2873B978-40FE-47BC-A168-D4170FDC5479}.Debug|Any CPU.Build.0 = Debug|Any CPU
		{2873B978-40FE-47BC-A168-D4170FDC5479}.Release|Any CPU.ActiveCfg = Release|Any CPU
		{2873B978-40FE-47BC-A168-D4170FDC5479}.Release|Any CPU.Build.0 = Release|Any CPU
		{C2F3AB6D-2684-4F0B-8BB2-7289BAB834DC}.Debug|Any CPU.ActiveCfg = Debug|Any CPU
		{C2F3AB6D-2684-4F0B-8BB2-7289BAB834DC}.Debug|Any CPU.Build.0 = Debug|Any CPU
		{C2F3AB6D-2684-4F0B-8BB2-7289BAB834DC}.Release|Any CPU.ActiveCfg = Release|Any CPU
		{C2F3AB6D-2684-4F0B-8BB2-7289BAB834DC}.Release|Any CPU.Build.0 = Release|Any CPU
		{184D068D-F927-49AA-AC3F-16841E3C8CA0}.Debug|Any CPU.ActiveCfg = Debug|Any CPU
		{184D068D-F927-49AA-AC3F-16841E3C8CA0}.Debug|Any CPU.Build.0 = Debug|Any CPU
		{184D068D-F927-49AA-AC3F-16841E3C8CA0}.Release|Any CPU.ActiveCfg = Release|Any CPU
		{184D068D-F927-49AA-AC3F-16841E3C8CA0}.Release|Any CPU.Build.0 = Release|Any CPU
		{A160DDFE-4461-44EA-A9CF-CC2ECD1F09DB}.Debug|Any CPU.ActiveCfg = Debug|Any CPU
		{A160DDFE-4461-44EA-A9CF-CC2ECD1F09DB}.Debug|Any CPU.Build.0 = Debug|Any CPU
		{A160DDFE-4461-44EA-A9CF-CC2ECD1F09DB}.Release|Any CPU.ActiveCfg = Release|Any CPU
		{A160DDFE-4461-44EA-A9CF-CC2ECD1F09DB}.Release|Any CPU.Build.0 = Release|Any CPU
		{1ABCCE5B-03B5-478A-AE17-F39E4CD63412}.Debug|Any CPU.ActiveCfg = Debug|Any CPU
		{1ABCCE5B-03B5-478A-AE17-F39E4CD63412}.Debug|Any CPU.Build.0 = Debug|Any CPU
		{1ABCCE5B-03B5-478A-AE17-F39E4CD63412}.Release|Any CPU.ActiveCfg = Release|Any CPU
		{1ABCCE5B-03B5-478A-AE17-F39E4CD63412}.Release|Any CPU.Build.0 = Release|Any CPU
	EndGlobalSection
	GlobalSection(SolutionProperties) = preSolution
		HideSolutionNode = FALSE
	EndGlobalSection
EndGlobal
